
Microsoft Visual Studio Solution File, Format Version 12.00
# Visual Studio Version 17
VisualStudioVersion = 17.2.32630.192
MinimumVisualStudioVersion = 10.0.40219.1
Project("{FAE04EC0-301F-11D3-BF4B-00C04F79EFBC}") = "Method Overload", "Method Overload\Method Overload.csproj", "{77C0C391-489E-412A-9530-C6A0131E70A5}"
EndProject
Global
	GlobalSection(SolutionConfigurationPlatforms) = preSolution
		Debug|Any CPU = Debug|Any CPU
		Release|Any CPU = Release|Any CPU
	EndGlobalSection
	GlobalSection(ProjectConfigurationPlatforms) = postSolution
		{77C0C391-489E-412A-9530-C6A0131E70A5}.Debug|Any CPU.ActiveCfg = Debug|Any CPU
		{77C0C391-489E-412A-9530-C6A0131E70A5}.Debug|Any CPU.Build.0 = Debug|Any CPU
		{77C0C391-489E-412A-9530-C6A0131E70A5}.Release|Any CPU.ActiveCfg = Release|Any CPU
		{77C0C391-489E-412A-9530-C6A0131E70A5}.Release|Any CPU.Build.0 = Release|Any CPU
	EndGlobalSection
	GlobalSection(SolutionProperties) = preSolution
		HideSolutionNode = FALSE
	EndGlobalSection
	GlobalSection(ExtensibilityGlobals) = postSolution
		SolutionGuid = {60864202-CA8A-4E0F-B2E9-6D16339680E8}
	EndGlobalSection
EndGlobal
